// !$*UTF8*$!
{
	archiveVersion = 1;
	classes = {
	};
	objectVersion = 77;
	objects = {

/* Begin PBXBuildFile section */
		C6A04B142FA20A0B001E941D /* USDJPYConverterApp.swift in Sources */ = {isa = PBXBuildFile; fileRef = C6A04B132FA20A0B001E941D /* USDJPYConverterApp.swift */; };
		C6A04B162FA20A0B001E941D /* ContentView.swift in Sources */ = {isa = PBXBuildFile; fileRef = C6A04B152FA20A0B001E941D /* ContentView.swift */; };
		C6A04B412FA20A80001E941D /* UnitType.swift in Sources */ = {isa = PBXBuildFile; fileRef = C6A04B402FA20A80001E941D /* UnitType.swift */; };
		C6A04B432FA20A80001E941D /* InputState.swift in Sources */ = {isa = PBXBuildFile; fileRef = C6A04B422FA20A80001E941D /* InputState.swift */; };
		C6A04B452FA20A80001E941D /* ExchangeRate.swift in Sources */ = {isa = PBXBuildFile; fileRef = C6A04B442FA20A80001E941D /* ExchangeRate.swift */; };
		C6A04B472FA20A80001E941D /* UserDefaultsManager.swift in Sources */ = {isa = PBXBuildFile; fileRef = C6A04B462FA20A80001E941D /* UserDefaultsManager.swift */; };
		C6A04B492FA20A80001E941D /* ExchangeRateService.swift in Sources */ = {isa = PBXBuildFile; fileRef = C6A04B482FA20A80001E941D /* ExchangeRateService.swift */; };
		C6A04B4B2FA20A80001E941D /* ConverterViewModel.swift in Sources */ = {isa = PBXBuildFile; fileRef = C6A04B4A2FA20A80001E941D /* ConverterViewModel.swift */; };
		C6A04B4D2FA20A80001E941D /* MainView.swift in Sources */ = {isa = PBXBuildFile; fileRef = C6A04B4C2FA20A80001E941D /* MainView.swift */; };
		C6A04B4F2FA20A80001E941D /* ResultDisplayView.swift in Sources */ = {isa = PBXBuildFile; fileRef = C6A04B4E2FA20A80001E941D /* ResultDisplayView.swift */; };
		C6A04B512FA20A80001E941D /* CustomKeyboardView.swift in Sources */ = {isa = PBXBuildFile; fileRef = C6A04B502FA20A80001E941D /* CustomKeyboardView.swift */; };
		C6A04B532FA20A80001E941D /* FunctionButtonsView.swift in Sources */ = {isa = PBXBuildFile; fileRef = C6A04B522FA20A80001E941D /* FunctionButtonsView.swift */; };
		C6A04B552FA20A80001E941D /* SettingsView.swift in Sources */ = {isa = PBXBuildFile; fileRef = C6A04B542FA20A80001E941D /* SettingsView.swift */; };
/* End PBXBuildFile section */

/* Begin PBXContainerItemProxy section */
		C6A04B1E2FA20A0C001E941D /* PBXContainerItemProxy */ = {
			isa = PBXContainerItemProxy;
			containerPortal = C6A04B082FA20A0B001E941D /* Project object */;
			proxyType = 1;
			remoteGlobalIDString = C6A04B0F2FA20A0B001E941D;
			remoteInfo = USDJPYConverter;
		};
		C6A04B282FA20A0C001E941D /* PBXContainerItemProxy */ = {
			isa = PBXContainerItemProxy;
			containerPortal = C6A04B082FA20A0B001E941D /* Project object */;
			proxyType = 1;
			remoteGlobalIDString = C6A04B0F2FA20A0B001E941D;
			remoteInfo = USDJPYConverter;
		};
/* End PBXContainerItemProxy section */

/* Begin PBXFileReference section */
		C6A04B102FA20A0B001E941D /* USDJPYConverter.app */ = {isa = PBXFileReference; explicitFileType = wrapper.application; includeInIndex = 0; path = USDJPYConverter.app; sourceTree = BUILT_PRODUCTS_DIR; };
		C6A04B132FA20A0B001E941D /* USDJPYConverterApp.swift */ = {isa = PBXFileReference; lastKnownFileType = sourcecode.swift; path = USDJPYConverterApp.swift; sourceTree = "<group>"; };
		C6A04B152FA20A0B001E941D /* ContentView.swift */ = {isa = PBXFileReference; lastKnownFileType = sourcecode.swift; path = ContentView.swift; sourceTree = "<group>"; };
		C6A04B1D2FA20A0C001E941D /* USDJPYConverterTests.xctest */ = {isa = PBXFileReference; explicitFileType = wrapper.cfbundle; includeInIndex = 0; path = USDJPYConverterTests.xctest; sourceTree = BUILT_PRODUCTS_DIR; };
		C6A04B272FA20A0C001E941D /* USDJPYConverterUITests.xctest */ = {isa = PBXFileReference; explicitFileType = wrapper.cfbundle; includeInIndex = 0; path = USDJPYConverterUITests.xctest; sourceTree = BUILT_PRODUCTS_DIR; };
		C6A04B402FA20A80001E941D /* UnitType.swift */ = {isa = PBXFileReference; lastKnownFileType = sourcecode.swift; path = UnitType.swift; sourceTree = "<group>"; };
		C6A04B422FA20A80001E941D /* InputState.swift */ = {isa = PBXFileReference; lastKnownFileType = sourcecode.swift; path = InputState.swift; sourceTree = "<group>"; };
		C6A04B442FA20A80001E941D /* ExchangeRate.swift */ = {isa = PBXFileReference; lastKnownFileType = sourcecode.swift; path = ExchangeRate.swift; sourceTree = "<group>"; };
		C6A04B462FA20A80001E941D /* UserDefaultsManager.swift */ = {isa = PBXFileReference; lastKnownFileType = sourcecode.swift; path = UserDefaultsManager.swift; sourceTree = "<group>"; };
		C6A04B482FA20A80001E941D /* ExchangeRateService.swift */ = {isa = PBXFileReference; lastKnownFileType = sourcecode.swift; path = ExchangeRateService.swift; sourceTree = "<group>"; };
		C6A04B4A2FA20A80001E941D /* ConverterViewModel.swift */ = {isa = PBXFileReference; lastKnownFileType = sourcecode.swift; path = ConverterViewModel.swift; sourceTree = "<group>"; };
		C6A04B4C2FA20A80001E941D /* MainView.swift */ = {isa = PBXFileReference; lastKnownFileType = sourcecode.swift; path = MainView.swift; sourceTree = "<group>"; };
		C6A04B4E2FA20A80001E941D /* ResultDisplayView.swift */ = {isa = PBXFileReference; lastKnownFileType = sourcecode.swift; path = ResultDisplayView.swift; sourceTree = "<group>"; };
		C6A04B502FA20A80001E941D /* CustomKeyboardView.swift */ = {isa = PBXFileReference; lastKnownFileType = sourcecode.swift; path = CustomKeyboardView.swift; sourceTree = "<group>"; };
		C6A04B522FA20A80001E941D /* FunctionButtonsView.swift */ = {isa = PBXFileReference; lastKnownFileType = sourcecode.swift; path = FunctionButtonsView.swift; sourceTree = "<group>"; };
		C6A04B542FA20A80001E941D /* SettingsView.swift */ = {isa = PBXFileReference; lastKnownFileType = sourcecode.swift; path = SettingsView.swift; sourceTree = "<group>"; };
/* End PBXFileReference section */

/* Begin PBXFileSystemSynchronizedRootGroup section */
		C6A04B122FA20A0B001E941D /* USDJPYConverter */ = {
			isa = PBXFileSystemSynchronizedRootGroup;
			path = USDJPYConverter;
			sourceTree = "<group>";
		};
		C6A04B202FA20A0C001E941D /* USDJPYConverterTests */ = {
			isa = PBXFileSystemSynchronizedRootGroup;
			path = USDJPYConverterTests;
			sourceTree = "<group>";
		};
		C6A04B2A2FA20A0C001E941D /* USDJPYConverterUITests */ = {
			isa = PBXFileSystemSynchronizedRootGroup;
			path = USDJPYConverterUITests;
			sourceTree = "<group>";
		};
/* End PBXFileSystemSynchronizedRootGroup section */

/* Begin PBXFrameworksBuildPhase section */
		C6A04B0D2FA20A0B001E941D /* Frameworks */ = {
			isa = PBXFrameworksBuildPhase;
			buildActionMask = 2147483647;
			files = (
			);
			runOnlyForDeploymentPostprocessing = 0;
		};
		C6A04B1A2FA20A0C001E941D /* Frameworks */ = {
			isa = PBXFrameworksBuildPhase;
			buildActionMask = 2147483647;
			files = (
			);
			runOnlyForDeploymentPostprocessing = 0;
		};
		C6A04B242FA20A0C001E941D /* Frameworks */ = {
			isa = PBXFrameworksBuildPhase;
			buildActionMask = 2147483647;
			files = (
			);
			runOnlyForDeploymentPostprocessing = 0;
		};
/* End PBXFrameworksBuildPhase section */

/* Begin PBXGroup section */
		C6A04B072FA20A0B001E941D = {
			isa = PBXGroup;
			children = (
				C6A04B3F2FA20A7B001E941D /* Utilities */,
				C6A04B3E2FA20A75001E941D /* Services */,
				C6A04B3D2FA20A6D001E941D /* Views */,
				C6A04B3C2FA20A66001E941D /* ViewModels */,
				C6A04B3B2FA20A5E001E941D /* Models */,
				C6A04B3A2FA20A47001E941D /* App */,
				C6A04B122FA20A0B001E941D /* USDJPYConverter */,
				C6A04B202FA20A0C001E941D /* USDJPYConverterTests */,
				C6A04B2A2FA20A0C001E941D /* USDJPYConverterUITests */,
				C6A04B112FA20A0B001E941D /* Products */,
			);
			sourceTree = "<group>";
		};
		C6A04B112FA20A0B001E941D /* Products */ = {
			isa = PBXGroup;
			children = (
				C6A04B102FA20A0B001E941D /* USDJPYConverter.app */,
				C6A04B1D2FA20A0C001E941D /* USDJPYConverterTests.xctest */,
				C6A04B272FA20A0C001E941D /* USDJPYConverterUITests.xctest */,
			);
			name = Products;
			sourceTree = "<group>";
		};
		C6A04B3A2FA20A47001E941D /* App */ = {
			isa = PBXGroup;
			children = (
				C6A04B132FA20A0B001E941D /* USDJPYConverterApp.swift */,
			);
			path = App;
			sourceTree = "<group>";
		};
		C6A04B3B2FA20A5E001E941D /* Models */ = {
			isa = PBXGroup;
			children = (
				C6A04B402FA20A80001E941D /* UnitType.swift */,
				C6A04B422FA20A80001E941D /* InputState.swift */,
				C6A04B442FA20A80001E941D /* ExchangeRate.swift */,
			);
			path = Models;
			sourceTree = "<group>";
		};
		C6A04B3C2FA20A66001E941D /* ViewModels */ = {
			isa = PBXGroup;
			children = (
				C6A04B4A2FA20A80001E941D /* ConverterViewModel.swift */,
			);
			path = ViewModels;
			sourceTree = "<group>";
		};
		C6A04B3D2FA20A6D001E941D /* Views */ = {
			isa = PBXGroup;
			children = (
				C6A04B152FA20A0B001E941D /* ContentView.swift */,
				C6A04B4C2FA20A80001E941D /* MainView.swift */,
				C6A04B4E2FA20A80001E941D /* ResultDisplayView.swift */,
				C6A04B502FA20A80001E941D /* CustomKeyboardView.swift */,
				C6A04B522FA20A80001E941D /* FunctionButtonsView.swift */,
				C6A04B542FA20A80001E941D /* SettingsView.swift */,
			);
			path = Views;
			sourceTree = "<group>";
		};
		C6A04B3E2FA20A75001E941D /* Services */ = {
			isa = PBXGroup;
			children = (
				C6A04B482FA20A80001E941D /* ExchangeRateService.swift */,
			);
			path = Services;
			sourceTree = "<group>";
		};
		C6A04B3F2FA20A7B001E941D /* Utilities */ = {
			isa = PBXGroup;
			children = (
				C6A04B462FA20A80001E941D /* UserDefaultsManager.swift */,
			);
			path = Utilities;
			sourceTree = "<group>";
		};
/* End PBXGroup section */

/* Begin PBXNativeTarget section */
		C6A04B0F2FA20A0B001E941D /* USDJPYConverter */ = {
			isa = PBXNativeTarget;
			buildConfigurationList = C6A04B312FA20A0C001E941D /* Build configuration list for PBXNativeTarget "USDJPYConverter" */;
			buildPhases = (
				C6A04B0C2FA20A0B001E941D /* Sources */,
				C6A04B0D2FA20A0B001E941D /* Frameworks */,
				C6A04B0E2FA20A0B001E941D /* Resources */,
			);
			buildRules = (
			);
			dependencies = (
			);
			fileSystemSynchronizedGroups = (
				C6A04B122FA20A0B001E941D /* USDJPYConverter */,
			);
			name = USDJPYConverter;
			packageProductDependencies = (
			);
			productName = USDJPYConverter;
			productReference = C6A04B102FA20A0B001E941D /* USDJPYConverter.app */;
			productType = "com.apple.product-type.application";
		};
		C6A04B1C2FA20A0C001E941D /* USDJPYConverterTests */ = {
			isa = PBXNativeTarget;
			buildConfigurationList = C6A04B342FA20A0C001E941D /* Build configuration list for PBXNativeTarget "USDJPYConverterTests" */;
			buildPhases = (
				C6A04B192FA20A0C001E941D /* Sources */,
				C6A04B1A2FA20A0C001E941D /* Frameworks */,
				C6A04B1B2FA20A0C001E941D /* Resources */,
			);
			buildRules = (
			);
			dependencies = (
				C6A04B1F2FA20A0C001E941D /* PBXTargetDependency */,
			);
			fileSystemSynchronizedGroups = (
				C6A04B202FA20A0C001E941D /* USDJPYConverterTests */,
			);
			name = USDJPYConverterTests;
			packageProductDependencies = (
			);
			productName = USDJPYConverterTests;
			productReference = C6A04B1D2FA20A0C001E941D /* USDJPYConverterTests.xctest */;
			productType = "com.apple.product-type.bundle.unit-test";
		};
		C6A04B262FA20A0C001E941D /* USDJPYConverterUITests */ = {
			isa = PBXNativeTarget;
			buildConfigurationList = C6A04B372FA20A0C001E941D /* Build configuration list for PBXNativeTarget "USDJPYConverterUITests" */;
			buildPhases = (
				C6A04B232FA20A0C001E941D /* Sources */,
				C6A04B242FA20A0C001E941D /* Frameworks */,
				C6A04B252FA20A0C001E941D /* Resources */,
			);
			buildRules = (
			);
			dependencies = (
				C6A04B292FA20A0C001E941D /* PBXTargetDependency */,
			);
			fileSystemSynchronizedGroups = (
				C6A04B2A2FA20A0C001E941D /* USDJPYConverterUITests */,
			);
			name = USDJPYConverterUITests;
			packageProductDependencies = (
			);
			productName = USDJPYConverterUITests;
			productReference = C6A04B272FA20A0C001E941D /* USDJPYConverterUITests.xctest */;
			productType = "com.apple.product-type.bundle.ui-testing";
		};
/* End PBXNativeTarget section */

/* Begin PBXProject section */
		C6A04B082FA20A0B001E941D /* Project object */ = {
			isa = PBXProject;
			attributes = {
				BuildIndependentTargetsInParallel = 1;
				LastSwiftUpdateCheck = 2640;
				LastUpgradeCheck = 2640;
				TargetAttributes = {
					C6A04B0F2FA20A0B001E941D = {
						CreatedOnToolsVersion = 26.4.1;
					};
					C6A04B1C2FA20A0C001E941D = {
						CreatedOnToolsVersion = 26.4.1;
						TestTargetID = C6A04B0F2FA20A0B001E941D;
					};
					C6A04B262FA20A0C001E941D = {
						CreatedOnToolsVersion = 26.4.1;
						TestTargetID = C6A04B0F2FA20A0B001E941D;
					};
				};
			};
			buildConfigurationList = C6A04B0B2FA20A0B001E941D /* Build configuration list for PBXProject "USDJPYConverter" */;
			developmentRegion = en;
			hasScannedForEncodings = 0;
			knownRegions = (
				en,
				Base,
			);
			mainGroup = C6A04B072FA20A0B001E941D;
			minimizedProjectReferenceProxies = 1;
			preferredProjectObjectVersion = 77;
			productRefGroup = C6A04B112FA20A0B001E941D /* Products */;
			projectDirPath = "";
			projectRoot = "";
			targets = (
				C6A04B0F2FA20A0B001E941D /* USDJPYConverter */,
				C6A04B1C2FA20A0C001E941D /* USDJPYConverterTests */,
				C6A04B262FA20A0C001E941D /* USDJPYConverterUITests */,
			);
		};
/* End PBXProject section */

/* Begin PBXResourcesBuildPhase section */
		C6A04B0E2FA20A0B001E941D /* Resources */ = {
			isa = PBXResourcesBuildPhase;
			buildActionMask = 2147483647;
			files = (
			);
			runOnlyForDeploymentPostprocessing = 0;
		};
		C6A04B1B2FA20A0C001E941D /* Resources */ = {
			isa = PBXResourcesBuildPhase;
			buildActionMask = 2147483647;
			files = (
			);
			runOnlyForDeploymentPostprocessing = 0;
		};
		C6A04B252FA20A0C001E941D /* Resources */ = {
			isa = PBXResourcesBuildPhase;
			buildActionMask = 2147483647;
			files = (
			);
			runOnlyForDeploymentPostprocessing = 0;
		};
/* End PBXResourcesBuildPhase section */

/* Begin PBXSourcesBuildPhase section */
		C6A04B0C2FA20A0B001E941D /* Sources */ = {
			isa = PBXSourcesBuildPhase;
			buildActionMask = 2147483647;
			files = (
				C6A04B162FA20A0B001E941D /* ContentView.swift in Sources */,
				C6A04B142FA20A0B001E941D /* USDJPYConverterApp.swift in Sources */,
				C6A04B412FA20A80001E941D /* UnitType.swift in Sources */,
				C6A04B432FA20A80001E941D /* InputState.swift in Sources */,
				C6A04B452FA20A80001E941D /* ExchangeRate.swift in Sources */,
				C6A04B472FA20A80001E941D /* UserDefaultsManager.swift in Sources */,
				C6A04B492FA20A80001E941D /* ExchangeRateService.swift in Sources */,
				C6A04B4B2FA20A80001E941D /* ConverterViewModel.swift in Sources */,
				C6A04B4D2FA20A80001E941D /* MainView.swift in Sources */,
				C6A04B4F2FA20A80001E941D /* ResultDisplayView.swift in Sources */,
				C6A04B512FA20A80001E941D /* CustomKeyboardView.swift in Sources */,
				C6A04B532FA20A80001E941D /* FunctionButtonsView.swift in Sources */,
				C6A04B552FA20A80001E941D /* SettingsView.swift in Sources */,
			);
			runOnlyForDeploymentPostprocessing = 0;
		};
		C6A04B192FA20A0C001E941D /* Sources */ = {
			isa = PBXSourcesBuildPhase;
			buildActionMask = 2147483647;
			files = (
			);
			runOnlyForDeploymentPostprocessing = 0;
		};
		C6A04B232FA20A0C001E941D /* Sources */ = {
			isa = PBXSourcesBuildPhase;
			buildActionMask = 2147483647;
			files = (
			);
			runOnlyForDeploymentPostprocessing = 0;
		};
/* End PBXSourcesBuildPhase section */

/* Begin PBXTargetDependency section */
		C6A04B1F2FA20A0C001E941D /* PBXTargetDependency */ = {
			isa = PBXTargetDependency;
			target = C6A04B0F2FA20A0B001E941D /* USDJPYConverter */;
			targetProxy = C6A04B1E2FA20A0C001E941D /* PBXContainerItemProxy */;
		};
		C6A04B292FA20A0C001E941D /* PBXTargetDependency */ = {
			isa = PBXTargetDependency;
			target = C6A04B0F2FA20A0B001E941D /* USDJPYConverter */;
			targetProxy = C6A04B282FA20A0C001E941D /* PBXContainerItemProxy */;
		};
/* End PBXTargetDependency section */

/* Begin XCBuildConfiguration section */
		C6A04B2F2FA20A0C001E941D /* Debug */ = {
			isa = XCBuildConfiguration;
			buildSettings = {
				ALWAYS_SEARCH_USER_PATHS = NO;
				ASSETCATALOG_COMPILER_GENERATE_SWIFT_ASSET_SYMBOL_EXTENSIONS = YES;
				CLANG_ANALYZER_NONNULL = YES;
				CLANG_ANALYZER_NUMBER_OBJECT_CONVERSION = YES_AGGRESSIVE;
				CLANG_CXX_LANGUAGE_STANDARD = "gnu++20";
				CLANG_ENABLE_MODULES = YES;
				CLANG_ENABLE_OBJC_ARC = YES;
				CLANG_ENABLE_OBJC_WEAK = YES;
				CLANG_WARN_BLOCK_CAPTURE_AUTORELEASING = YES;
				CLANG_WARN_BOOL_CONVERSION = YES;
				CLANG_WARN_COMMA = YES;
				CLANG_WARN_CONSTANT_CONVERSION = YES;
				CLANG_WARN_DEPRECATED_OBJC_IMPLEMENTATIONS = YES;
				CLANG_WARN_DIRECT_OBJC_ISA_USAGE = YES_ERROR;
				CLANG_WARN_DOCUMENTATION_COMMENTS = YES;
				CLANG_WARN_EMPTY_BODY = YES;
				CLANG_WARN_ENUM_CONVERSION = YES;
				CLANG_WARN_INFINITE_RECURSION = YES;
				CLANG_WARN_INT_CONVERSION = YES;
				CLANG_WARN_NON_LITERAL_NULL_CONVERSION = YES;
				CLANG_WARN_OBJC_IMPLICIT_RETAIN_SELF = YES;
				CLANG_WARN_OBJC_LITERAL_CONVERSION = YES;
				CLANG_WARN_OBJC_ROOT_CLASS = YES_ERROR;
				CLANG_WARN_QUOTED_INCLUDE_IN_FRAMEWORK_HEADER = YES;
				CLANG_WARN_RANGE_LOOP_ANALYSIS = YES;
				CLANG_WARN_STRICT_PROTOTYPES = YES;
				CLANG_WARN_SUSPICIOUS_MOVE = YES;
				CLANG_WARN_UNGUARDED_AVAILABILITY = YES_AGGRESSIVE;
				CLANG_WARN_UNREACHABLE_CODE = YES;
				CLANG_WARN__DUPLICATE_METHOD_MATCH = YES;
				COPY_PHASE_STRIP = NO;
				DEBUG_INFORMATION_FORMAT = dwarf;
				ENABLE_STRICT_OBJC_MSGSEND = YES;
				ENABLE_TESTABILITY = YES;
				ENABLE_USER_SCRIPT_SANDBOXING = YES;
				GCC_C_LANGUAGE_STANDARD = gnu17;
				GCC_DYNAMIC_NO_PIC = NO;
				GCC_NO_COMMON_BLOCKS = YES;
				GCC_OPTIMIZATION_LEVEL = 0;
				GCC_PREPROCESSOR_DEFINITIONS = (
					"DEBUG=1",
					"$(inherited)",
				);
				GCC_WARN_64_TO_32_BIT_CONVERSION = YES;
				GCC_WARN_ABOUT_RETURN_TYPE = YES_ERROR;
				GCC_WARN_UNDECLARED_SELECTOR = YES;
				GCC_WARN_UNINITIALIZED_AUTOS = YES_AGGRESSIVE;
				GCC_WARN_UNUSED_FUNCTION = YES;
				GCC_WARN_UNUSED_VARIABLE = YES;
				IPHONEOS_DEPLOYMENT_TARGET = 26.4;
				LOCALIZATION_PREFERS_STRING_CATALOGS = YES;
				MTL_ENABLE_DEBUG_INFO = INCLUDE_SOURCE;
				MTL_FAST_MATH = YES;
				ONLY_ACTIVE_ARCH = YES;
				SDKROOT = iphoneos;
				SWIFT_ACTIVE_COMPILATION_CONDITIONS = "DEBUG $(inherited)";
				SWIFT_OPTIMIZATION_LEVEL = "-Onone";
			};
			name = Debug;
		};
		C6A04B302FA20A0C001E941D /* Release */ = {
			isa = XCBuildConfiguration;
			buildSettings = {
				ALWAYS_SEARCH_USER_PATHS = NO;
				ASSETCATALOG_COMPILER_GENERATE_SWIFT_ASSET_SYMBOL_EXTENSIONS = YES;
				CLANG_ANALYZER_NONNULL = YES;
				CLANG_ANALYZER_NUMBER_OBJECT_CONVERSION = YES_AGGRESSIVE;
				CLANG_CXX_LANGUAGE_STANDARD = "gnu++20";
				CLANG_ENABLE_MODULES = YES;
				CLANG_ENABLE_OBJC_ARC = YES;
				CLANG_ENABLE_OBJC_WEAK = YES;
				CLANG_WARN_BLOCK_CAPTURE_AUTORELEASING = YES;
				CLANG_WARN_BOOL_CONVERSION = YES;
				CLANG_WARN_COMMA = YES;
				CLANG_WARN_CONSTANT_CONVERSION = YES;
				CLANG_WARN_DEPRECATED_OBJC_IMPLEMENTATIONS = YES;
				CLANG_WARN_DIRECT_OBJC_ISA_USAGE = YES_ERROR;
				CLANG_WARN_DOCUMENTATION_COMMENTS = YES;
				CLANG_WARN_EMPTY_BODY = YES;
				CLANG_WARN_ENUM_CONVERSION = YES;
				CLANG_WARN_INFINITE_RECURSION = YES;
				CLANG_WARN_INT_CONVERSION = YES;
				CLANG_WARN_NON_LITERAL_NULL_CONVERSION = YES;
				CLANG_WARN_OBJC_IMPLICIT_RETAIN_SELF = YES;
				CLANG_WARN_OBJC_LITERAL_CONVERSION = YES;
				CLANG_WARN_OBJC_ROOT_CLASS = YES_ERROR;
				CLANG_WARN_QUOTED_INCLUDE_IN_FRAMEWORK_HEADER = YES;
				CLANG_WARN_RANGE_LOOP_ANALYSIS = YES;
				CLANG_WARN_STRICT_PROTOTYPES = YES;
				CLANG_WARN_SUSPICIOUS_MOVE = YES;
				CLANG_WARN_UNGUARDED_AVAILABILITY = YES_AGGRESSIVE;
				CLANG_WARN_UNREACHABLE_CODE = YES;
				CLANG_WARN__DUPLICATE_METHOD_MATCH = YES;
				COPY_PHASE_STRIP = NO;
				DEBUG_INFORMATION_FORMAT = "dwarf-with-dsym";
				ENABLE_NS_ASSERTIONS = NO;
				ENABLE_STRICT_OBJC_MSGSEND = YES;
				ENABLE_USER_SCRIPT_SANDBOXING = YES;
				GCC_C_LANGUAGE_STANDARD = gnu17;
				GCC_NO_COMMON_BLOCKS = YES;
				GCC_WARN_64_TO_32_BIT_CONVERSION = YES;
				GCC_WARN_ABOUT_RETURN_TYPE = YES_ERROR;
				GCC_WARN_UNDECLARED_SELECTOR = YES;
				GCC_WARN_UNINITIALIZED_AUTOS = YES_AGGRESSIVE;
				GCC_WARN_UNUSED_FUNCTION = YES;
				GCC_WARN_UNUSED_VARIABLE = YES;
				IPHONEOS_DEPLOYMENT_TARGET = 26.4;
				LOCALIZATION_PREFERS_STRING_CATALOGS = YES;
				MTL_ENABLE_DEBUG_INFO = NO;
				MTL_FAST_MATH = YES;
				SDKROOT = iphoneos;
				SWIFT_COMPILATION_MODE = wholemodule;
				VALIDATE_PRODUCT = YES;
			};
			name = Release;
		};
		C6A04B322FA20A0C001E941D /* Debug */ = {
			isa = XCBuildConfiguration;
			buildSettings = {
				ASSETCATALOG_COMPILER_APPICON_NAME = AppIcon;
				ASSETCATALOG_COMPILER_GLOBAL_ACCENT_COLOR_NAME = AccentColor;
				CODE_SIGN_STYLE = Automatic;
				CURRENT_PROJECT_VERSION = 1;
				ENABLE_PREVIEWS = YES;
				GENERATE_INFOPLIST_FILE = YES;
				INFOPLIST_KEY_UIApplicationSceneManifest_Generation = YES;
				INFOPLIST_KEY_UIApplicationSupportsIndirectInputEvents = YES;
				INFOPLIST_KEY_UILaunchScreen_Generation = YES;
				INFOPLIST_KEY_UISupportedInterfaceOrientations_iPad = "UIInterfaceOrientationPortrait UIInterfaceOrientationPortraitUpsideDown UIInterfaceOrientationLandscapeLeft UIInterfaceOrientationLandscapeRight";
				INFOPLIST_KEY_UISupportedInterfaceOrientations_iPhone = "UIInterfaceOrientationPortrait UIInterfaceOrientationLandscapeLeft UIInterfaceOrientationLandscapeRight";
				IPHONEOS_DEPLOYMENT_TARGET = 17.6;
				LD_RUNPATH_SEARCH_PATHS = (
					"$(inherited)",
					"@executable_path/Frameworks",
				);
				MARKETING_VERSION = 1.0;
				PRODUCT_BUNDLE_IDENTIFIER = "com.tsunagari-works.USDJPYConverter";
				PRODUCT_NAME = "$(TARGET_NAME)";
				STRING_CATALOG_GENERATE_SYMBOLS = YES;
				SWIFT_APPROACHABLE_CONCURRENCY = YES;
				SWIFT_DEFAULT_ACTOR_ISOLATION = MainActor;
				SWIFT_EMIT_LOC_STRINGS = YES;
				SWIFT_UPCOMING_FEATURE_MEMBER_IMPORT_VISIBILITY = YES;
				SWIFT_VERSION = 5.0;
				TARGETED_DEVICE_FAMILY = "1,2";
			};
			name = Debug;
		};
		C6A04B332FA20A0C001E941D /* Release */ = {
			isa = XCBuildConfiguration;
			buildSettings = {
				ASSETCATALOG_COMPILER_APPICON_NAME = AppIcon;
				ASSETCATALOG_COMPILER_GLOBAL_ACCENT_COLOR_NAME = AccentColor;
				CODE_SIGN_STYLE = Automatic;
				CURRENT_PROJECT_VERSION = 1;
				ENABLE_PREVIEWS = YES;
				GENERATE_INFOPLIST_FILE = YES;
				INFOPLIST_KEY_UIApplicationSceneManifest_Generation = YES;
				INFOPLIST_KEY_UIApplicationSupportsIndirectInputEvents = YES;
				INFOPLIST_KEY_UILaunchScreen_Generation = YES;
				INFOPLIST_KEY_UISupportedInterfaceOrientations_iPad = "UIInterfaceOrientationPortrait UIInterfaceOrientationPortraitUpsideDown UIInterfaceOrientationLandscapeLeft UIInterfaceOrientationLandscapeRight";
				INFOPLIST_KEY_UISupportedInterfaceOrientations_iPhone = "UIInterfaceOrientationPortrait UIInterfaceOrientationLandscapeLeft UIInterfaceOrientationLandscapeRight";
				IPHONEOS_DEPLOYMENT_TARGET = 17.6;
				LD_RUNPATH_SEARCH_PATHS = (
					"$(inherited)",
					"@executable_path/Frameworks",
				);
				MARKETING_VERSION = 1.0;
				PRODUCT_BUNDLE_IDENTIFIER = "com.tsunagari-works.USDJPYConverter";
				PRODUCT_NAME = "$(TARGET_NAME)";
				STRING_CATALOG_GENERATE_SYMBOLS = YES;
				SWIFT_APPROACHABLE_CONCURRENCY = YES;
				SWIFT_DEFAULT_ACTOR_ISOLATION = MainActor;
				SWIFT_EMIT_LOC_STRINGS = YES;
				SWIFT_UPCOMING_FEATURE_MEMBER_IMPORT_VISIBILITY = YES;
				SWIFT_VERSION = 5.0;
				TARGETED_DEVICE_FAMILY = "1,2";
			};
			name = Release;
		};
		C6A04B352FA20A0C001E941D /* Debug */ = {
			isa = XCBuildConfiguration;
			buildSettings = {
				BUNDLE_LOADER = "$(TEST_HOST)";
				CODE_SIGN_STYLE = Automatic;
				CURRENT_PROJECT_VERSION = 1;
				GENERATE_INFOPLIST_FILE = YES;
				IPHONEOS_DEPLOYMENT_TARGET = 26.4;
				MARKETING_VERSION = 1.0;
				PRODUCT_BUNDLE_IDENTIFIER = "com.tsunagari-works.USDJPYConverterTests";
				PRODUCT_NAME = "$(TARGET_NAME)";
				STRING_CATALOG_GENERATE_SYMBOLS = NO;
				SWIFT_APPROACHABLE_CONCURRENCY = YES;
				SWIFT_EMIT_LOC_STRINGS = NO;
				SWIFT_UPCOMING_FEATURE_MEMBER_IMPORT_VISIBILITY = YES;
				SWIFT_VERSION = 5.0;
				TARGETED_DEVICE_FAMILY = "1,2";
				TEST_HOST = "$(BUILT_PRODUCTS_DIR)/USDJPYConverter.app/$(BUNDLE_EXECUTABLE_FOLDER_PATH)/USDJPYConverter";
			};
			name = Debug;
		};
		C6A04B362FA20A0C001E941D /* Release */ = {
			isa = XCBuildConfiguration;
			buildSettings = {
				BUNDLE_LOADER = "$(TEST_HOST)";
				CODE_SIGN_STYLE = Automatic;
				CURRENT_PROJECT_VERSION = 1;
				GENERATE_INFOPLIST_FILE = YES;
				IPHONEOS_DEPLOYMENT_TARGET = 26.4;
				MARKETING_VERSION = 1.0;
				PRODUCT_BUNDLE_IDENTIFIER = "com.tsunagari-works.USDJPYConverterTests";
				PRODUCT_NAME = "$(TARGET_NAME)";
				STRING_CATALOG_GENERATE_SYMBOLS = NO;
				SWIFT_APPROACHABLE_CONCURRENCY = YES;
				SWIFT_EMIT_LOC_STRINGS = NO;
				SWIFT_UPCOMING_FEATURE_MEMBER_IMPORT_VISIBILITY = YES;
				SWIFT_VERSION = 5.0;
				TARGETED_DEVICE_FAMILY = "1,2";
				TEST_HOST = "$(BUILT_PRODUCTS_DIR)/USDJPYConverter.app/$(BUNDLE_EXECUTABLE_FOLDER_PATH)/USDJPYConverter";
			};
			name = Release;
		};
		C6A04B382FA20A0C001E941D /* Debug */ = {
			isa = XCBuildConfiguration;
			buildSettings = {
				CODE_SIGN_STYLE = Automatic;
				CURRENT_PROJECT_VERSION = 1;
				GENERATE_INFOPLIST_FILE = YES;
				MARKETING_VERSION = 1.0;
				PRODUCT_BUNDLE_IDENTIFIER = "com.tsunagari-works.USDJPYConverterUITests";
				PRODUCT_NAME = "$(TARGET_NAME)";
				STRING_CATALOG_GENERATE_SYMBOLS = NO;
				SWIFT_APPROACHABLE_CONCURRENCY = YES;
				SWIFT_EMIT_LOC_STRINGS = NO;
				SWIFT_UPCOMING_FEATURE_MEMBER_IMPORT_VISIBILITY = YES;
				SWIFT_VERSION = 5.0;
				TARGETED_DEVICE_FAMILY = "1,2";
				TEST_TARGET_NAME = USDJPYConverter;
			};
			name = Debug;
		};
		C6A04B392FA20A0C001E941D /* Release */ = {
			isa = XCBuildConfiguration;
			buildSettings = {
				CODE_SIGN_STYLE = Automatic;
				CURRENT_PROJECT_VERSION = 1;
				GENERATE_INFOPLIST_FILE = YES;
				MARKETING_VERSION = 1.0;
				PRODUCT_BUNDLE_IDENTIFIER = "com.tsunagari-works.USDJPYConverterUITests";
				PRODUCT_NAME = "$(TARGET_NAME)";
				STRING_CATALOG_GENERATE_SYMBOLS = NO;
				SWIFT_APPROACHABLE_CONCURRENCY = YES;
				SWIFT_EMIT_LOC_STRINGS = NO;
				SWIFT_UPCOMING_FEATURE_MEMBER_IMPORT_VISIBILITY = YES;
				SWIFT_VERSION = 5.0;
				TARGETED_DEVICE_FAMILY = "1,2";
				TEST_TARGET_NAME = USDJPYConverter;
			};
			name = Release;
		};
/* End XCBuildConfiguration section */

/* Begin XCConfigurationList section */
		C6A04B0B2FA20A0B001E941D /* Build configuration list for PBXProject "USDJPYConverter" */ = {
			isa = XCConfigurationList;
			buildConfigurations = (
				C6A04B2F2FA20A0C001E941D /* Debug */,
				C6A04B302FA20A0C001E941D /* Release */,
			);
			defaultConfigurationIsVisible = 0;
			defaultConfigurationName = Release;
		};
		C6A04B312FA20A0C001E941D /* Build configuration list for PBXNativeTarget "USDJPYConverter" */ = {
			isa = XCConfigurationList;
			buildConfigurations = (
				C6A04B322FA20A0C001E941D /* Debug */,
				C6A04B332FA20A0C001E941D /* Release */,
			);
			defaultConfigurationIsVisible = 0;
			defaultConfigurationName = Release;
		};
		C6A04B342FA20A0C001E941D /* Build configuration list for PBXNativeTarget "USDJPYConverterTests" */ = {
			isa = XCConfigurationList;
			buildConfigurations = (
				C6A04B352FA20A0C001E941D /* Debug */,
				C6A04B362FA20A0C001E941D /* Release */,
			);
			defaultConfigurationIsVisible = 0;
			defaultConfigurationName = Release;
		};
		C6A04B372FA20A0C001E941D /* Build configuration list for PBXNativeTarget "USDJPYConverterUITests" */ = {
			isa = XCConfigurationList;
			buildConfigurations = (
				C6A04B382FA20A0C001E941D /* Debug */,
				C6A04B392FA20A0C001E941D /* Release */,
			);
			defaultConfigurationIsVisible = 0;
			defaultConfigurationName = Release;
		};
/* End XCConfigurationList section */
	};
	rootObject = C6A04B082FA20A0B001E941D /* Project object */;
}
